
Microsoft Visual Studio Solution File, Format Version 12.00
# Visual Studio Version 16
VisualStudioVersion = 16.0.31702.278
MinimumVisualStudioVersion = 10.0.40219.1
Project("{FAE04EC0-301F-11D3-BF4B-00C04F79EFBC}") = "Aula141_Exceptions_TryCatch", "Aula141_Exceptions_TryCatch\Aula141_Exceptions_TryCatch.csproj", "{9E265427-CE2A-437A-AFAD-C743F3A69107}"
EndProject
Global
	GlobalSection(SolutionConfigurationPlatforms) = preSolution
		Debug|Any CPU = Debug|Any CPU
		Release|Any CPU = Release|Any CPU
	EndGlobalSection
	GlobalSection(ProjectConfigurationPlatforms) = postSolution
		{9E265427-CE2A-437A-AFAD-C743F3A69107}.Debug|Any CPU.ActiveCfg = Debug|Any CPU
		{9E265427-CE2A-437A-AFAD-C743F3A69107}.Debug|Any CPU.Build.0 = Debug|Any CPU
		{9E265427-CE2A-437A-AFAD-C743F3A69107}.Release|Any CPU.ActiveCfg = Release|Any CPU
		{9E265427-CE2A-437A-AFAD-C743F3A69107}.Release|Any CPU.Build.0 = Release|Any CPU
	EndGlobalSection
	GlobalSection(SolutionProperties) = preSolution
		HideSolutionNode = FALSE
	EndGlobalSection
	GlobalSection(ExtensibilityGlobals) = postSolution
		SolutionGuid = {24ED5BD8-4779-46D0-AFE8-A3045AEA832E}
	EndGlobalSection
EndGlobal
